
Microsoft Visual Studio Solution File, Format Version 12.00
# Visual Studio Version 16
VisualStudioVersion = 16.0.31402.337
MinimumVisualStudioVersion = 10.0.40219.1
Project("{FAE04EC0-301F-11D3-BF4B-00C04F79EFBC}") = "StudentApplication", "PharmacyApplication\StudentApplication.csproj", "{EA319AE8-BECA-4594-913C-B011458D19D1}"
EndProject
Global
	GlobalSection(SolutionConfigurationPlatforms) = preSolution
		Debug|Any CPU = Debug|Any CPU
		Release|Any CPU = Release|Any CPU
	EndGlobalSection
	GlobalSection(ProjectConfigurationPlatforms) = postSolution
		{EA319AE8-BECA-4594-913C-B011458D19D1}.Debug|Any CPU.ActiveCfg = Debug|Any CPU
		{EA319AE8-BECA-4594-913C-B011458D19D1}.Debug|Any CPU.Build.0 = Debug|Any CPU
		{EA319AE8-BECA-4594-913C-B011458D19D1}.Release|Any CPU.ActiveCfg = Release|Any CPU
		{EA319AE8-BECA-4594-913C-B011458D19D1}.Release|Any CPU.Build.0 = Release|Any CPU
	EndGlobalSection
	GlobalSection(SolutionProperties) = preSolution
		HideSolutionNode = FALSE
	EndGlobalSection
	GlobalSection(ExtensibilityGlobals) = postSolution
		SolutionGuid = {7616BF3A-50DD-4F81-B96C-4E313BE42AC8}
	EndGlobalSection
EndGlobal
